// !$*UTF8*$!
{
	archiveVersion = 1;
	classes = {
	};
	objectVersion = 56;
	objects = {

/* Begin PBXBuildFile section */
		B88ED1322A0A99C100C56F24 /* Countries in Frameworks */ = {isa = PBXBuildFile; productRef = B88ED1312A0A99C100C56F24 /* Countries */; };
		B88ED1342A0A99C400C56F24 /* SpaceX in Frameworks */ = {isa = PBXBuildFile; productRef = B88ED1332A0A99C400C56F24 /* SpaceX */; };
		B8B34BE42A0A8E4E0092D763 /* TwoClientAppApp.swift in Sources */ = {isa = PBXBuildFile; fileRef = B8B34BE32A0A8E4E0092D763 /* TwoClientAppApp.swift */; };
		B8B34BE62A0A8E4E0092D763 /* ContentView.swift in Sources */ = {isa = PBXBuildFile; fileRef = B8B34BE52A0A8E4E0092D763 /* ContentView.swift */; };
		B8B34BE82A0A8E500092D763 /* Assets.xcassets in Resources */ = {isa = PBXBuildFile; fileRef = B8B34BE72A0A8E500092D763 /* Assets.xcassets */; };
		B8B34BEC2A0A8E500092D763 /* Preview Assets.xcassets in Resources */ = {isa = PBXBuildFile; fileRef = B8B34BEB2A0A8E500092D763 /* Preview Assets.xcassets */; };
		B8B34C012A0A90D10092D763 /* Apollo in Frameworks */ = {isa = PBXBuildFile; productRef = B8B34C002A0A90D10092D763 /* Apollo */; };
/* End PBXBuildFile section */

/* Begin PBXFileReference section */
		B88ADA432A0A98DC005552C0 /* Countries */ = {isa = PBXFileReference; lastKnownFileType = wrapper; name = Countries; path = TwoClientApp/Countries; sourceTree = "<group>"; };
		B88ADA442A0A98E8005552C0 /* SpaceX */ = {isa = PBXFileReference; lastKnownFileType = wrapper; name = SpaceX; path = TwoClientApp/SpaceX; sourceTree = "<group>"; };
		B8B34BE02A0A8E4E0092D763 /* TwoClientApp.app */ = {isa = PBXFileReference; explicitFileType = wrapper.application; includeInIndex = 0; path = TwoClientApp.app; sourceTree = BUILT_PRODUCTS_DIR; };
		B8B34BE32A0A8E4E0092D763 /* TwoClientAppApp.swift */ = {isa = PBXFileReference; lastKnownFileType = sourcecode.swift; path = TwoClientAppApp.swift; sourceTree = "<group>"; };
		B8B34BE52A0A8E4E0092D763 /* ContentView.swift */ = {isa = PBXFileReference; lastKnownFileType = sourcecode.swift; path = ContentView.swift; sourceTree = "<group>"; };
		B8B34BE72A0A8E500092D763 /* Assets.xcassets */ = {isa = PBXFileReference; lastKnownFileType = folder.assetcatalog; path = Assets.xcassets; sourceTree = "<group>"; };
		B8B34BE92A0A8E500092D763 /* TwoClientApp.entitlements */ = {isa = PBXFileReference; lastKnownFileType = text.plist.entitlements; path = TwoClientApp.entitlements; sourceTree = "<group>"; };
		B8B34BEB2A0A8E500092D763 /* Preview Assets.xcassets */ = {isa = PBXFileReference; lastKnownFileType = folder.assetcatalog; path = "Preview Assets.xcassets"; sourceTree = "<group>"; };
/* End PBXFileReference section */

/* Begin PBXFrameworksBuildPhase section */
		B8B34BDD2A0A8E4E0092D763 /* Frameworks */ = {
			isa = PBXFrameworksBuildPhase;
			buildActionMask = 2147483647;
			files = (
				B88ED1342A0A99C400C56F24 /* SpaceX in Frameworks */,
				B8B34C012A0A90D10092D763 /* Apollo in Frameworks */,
				B88ED1322A0A99C100C56F24 /* Countries in Frameworks */,
			);
			runOnlyForDeploymentPostprocessing = 0;
		};
/* End PBXFrameworksBuildPhase section */

/* Begin PBXGroup section */
		B88ADA422A0A98DC005552C0 /* Packages */ = {
			isa = PBXGroup;
			children = (
				B88ADA432A0A98DC005552C0 /* Countries */,
				B88ADA442A0A98E8005552C0 /* SpaceX */,
			);
			name = Packages;
			sourceTree = "<group>";
		};
		B88ED1302A0A99C100C56F24 /* Frameworks */ = {
			isa = PBXGroup;
			children = (
			);
			name = Frameworks;
			sourceTree = "<group>";
		};
		B8B34BD72A0A8E4E0092D763 = {
			isa = PBXGroup;
			children = (
				B88ADA422A0A98DC005552C0 /* Packages */,
				B8B34BE22A0A8E4E0092D763 /* TwoClientApp */,
				B8B34BE12A0A8E4E0092D763 /* Products */,
				B88ED1302A0A99C100C56F24 /* Frameworks */,
			);
			sourceTree = "<group>";
		};
		B8B34BE12A0A8E4E0092D763 /* Products */ = {
			isa = PBXGroup;
			children = (
				B8B34BE02A0A8E4E0092D763 /* TwoClientApp.app */,
			);
			name = Products;
			sourceTree = "<group>";
		};
		B8B34BE22A0A8E4E0092D763 /* TwoClientApp */ = {
			isa = PBXGroup;
			children = (
				B8B34BE32A0A8E4E0092D763 /* TwoClientAppApp.swift */,
				B8B34BE52A0A8E4E0092D763 /* ContentView.swift */,
				B8B34BE72A0A8E500092D763 /* Assets.xcassets */,
				B8B34BE92A0A8E500092D763 /* TwoClientApp.entitlements */,
				B8B34BEA2A0A8E500092D763 /* Preview Content */,
			);
			path = TwoClientApp;
			sourceTree = "<group>";
		};
		B8B34BEA2A0A8E500092D763 /* Preview Content */ = {
			isa = PBXGroup;
			children = (
				B8B34BEB2A0A8E500092D763 /* Preview Assets.xcassets */,
			);
			path = "Preview Content";
			sourceTree = "<group>";
		};
/* End PBXGroup section */

/* Begin PBXNativeTarget section */
		B8B34BDF2A0A8E4E0092D763 /* TwoClientApp */ = {
			isa = PBXNativeTarget;
			buildConfigurationList = B8B34BEF2A0A8E500092D763 /* Build configuration list for PBXNativeTarget "TwoClientApp" */;
			buildPhases = (
				B8B34BDC2A0A8E4E0092D763 /* Sources */,
				B8B34BDD2A0A8E4E0092D763 /* Frameworks */,
				B8B34BDE2A0A8E4E0092D763 /* Resources */,
			);
			buildRules = (
			);
			dependencies = (
			);
			name = TwoClientApp;
			packageProductDependencies = (
				B8B34C002A0A90D10092D763 /* Apollo */,
				B88ED1312A0A99C100C56F24 /* Countries */,
				B88ED1332A0A99C400C56F24 /* SpaceX */,
			);
			productName = TwoClientApp;
			productReference = B8B34BE02A0A8E4E0092D763 /* TwoClientApp.app */;
			productType = "com.apple.product-type.application";
		};
/* End PBXNativeTarget section */

/* Begin PBXProject section */
		B8B34BD82A0A8E4E0092D763 /* Project object */ = {
			isa = PBXProject;
			attributes = {
				BuildIndependentTargetsInParallel = 1;
				LastSwiftUpdateCheck = 1430;
				LastUpgradeCheck = 1430;
				TargetAttributes = {
					B8B34BDF2A0A8E4E0092D763 = {
						CreatedOnToolsVersion = 14.3;
					};
				};
			};
			buildConfigurationList = B8B34BDB2A0A8E4E0092D763 /* Build configuration list for PBXProject "TwoClientApp" */;
			compatibilityVersion = "Xcode 14.0";
			developmentRegion = en;
			hasScannedForEncodings = 0;
			knownRegions = (
				en,
				Base,
			);
			mainGroup = B8B34BD72A0A8E4E0092D763;
			packageReferences = (
				B8B34BFF2A0A90D10092D763 /* XCRemoteSwiftPackageReference "apollo-ios" */,
			);
			productRefGroup = B8B34BE12A0A8E4E0092D763 /* Products */;
			projectDirPath = "";
			projectRoot = "";
			targets = (
				B8B34BDF2A0A8E4E0092D763 /* TwoClientApp */,
			);
		};
/* End PBXProject section */

/* Begin PBXResourcesBuildPhase section */
		B8B34BDE2A0A8E4E0092D763 /* Resources */ = {
			isa = PBXResourcesBuildPhase;
			buildActionMask = 2147483647;
			files = (
				B8B34BEC2A0A8E500092D763 /* Preview Assets.xcassets in Resources */,
				B8B34BE82A0A8E500092D763 /* Assets.xcassets in Resources */,
			);
			runOnlyForDeploymentPostprocessing = 0;
		};
/* End PBXResourcesBuildPhase section */

/* Begin PBXSourcesBuildPhase section */
		B8B34BDC2A0A8E4E0092D763 /* Sources */ = {
			isa = PBXSourcesBuildPhase;
			buildActionMask = 2147483647;
			files = (
				B8B34BE62A0A8E4E0092D763 /* ContentView.swift in Sources */,
				B8B34BE42A0A8E4E0092D763 /* TwoClientAppApp.swift in Sources */,
			);
			runOnlyForDeploymentPostprocessing = 0;
		};
/* End PBXSourcesBuildPhase section */

/* Begin XCBuildConfiguration section */
		B8B34BED2A0A8E500092D763 /* Debug */ = {
			isa = XCBuildConfiguration;
			buildSettings = {
				ALWAYS_SEARCH_USER_PATHS = NO;
				CLANG_ANALYZER_NONNULL = YES;
				CLANG_ANALYZER_NUMBER_OBJECT_CONVERSION = YES_AGGRESSIVE;
				CLANG_CXX_LANGUAGE_STANDARD = "gnu++20";
				CLANG_ENABLE_MODULES = YES;
				CLANG_ENABLE_OBJC_ARC = YES;
				CLANG_ENABLE_OBJC_WEAK = YES;
				CLANG_WARN_BLOCK_CAPTURE_AUTORELEASING = YES;
				CLANG_WARN_BOOL_CONVERSION = YES;
				CLANG_WARN_COMMA = YES;
				CLANG_WARN_CONSTANT_CONVERSION = YES;
				CLANG_WARN_DEPRECATED_OBJC_IMPLEMENTATIONS = YES;
				CLANG_WARN_DIRECT_OBJC_ISA_USAGE = YES_ERROR;
				CLANG_WARN_DOCUMENTATION_COMMENTS = YES;
				CLANG_WARN_EMPTY_BODY = YES;
				CLANG_WARN_ENUM_CONVERSION = YES;
				CLANG_WARN_INFINITE_RECURSION = YES;
				CLANG_WARN_INT_CONVERSION = YES;
				CLANG_WARN_NON_LITERAL_NULL_CONVERSION = YES;
				CLANG_WARN_OBJC_IMPLICIT_RETAIN_SELF = YES;
				CLANG_WARN_OBJC_LITERAL_CONVERSION = YES;
				CLANG_WARN_OBJC_ROOT_CLASS = YES_ERROR;
				CLANG_WARN_QUOTED_INCLUDE_IN_FRAMEWORK_HEADER = YES;
				CLANG_WARN_RANGE_LOOP_ANALYSIS = YES;
				CLANG_WARN_STRICT_PROTOTYPES = YES;
				CLANG_WARN_SUSPICIOUS_MOVE = YES;
				CLANG_WARN_UNGUARDED_AVAILABILITY = YES_AGGRESSIVE;
				CLANG_WARN_UNREACHABLE_CODE = YES;
				CLANG_WARN__DUPLICATE_METHOD_MATCH = YES;
				COPY_PHASE_STRIP = NO;
				DEBUG_INFORMATION_FORMAT = dwarf;
				ENABLE_STRICT_OBJC_MSGSEND = YES;
				ENABLE_TESTABILITY = YES;
				GCC_C_LANGUAGE_STANDARD = gnu11;
				GCC_DYNAMIC_NO_PIC = NO;
				GCC_NO_COMMON_BLOCKS = YES;
				GCC_OPTIMIZATION_LEVEL = 0;
				GCC_PREPROCESSOR_DEFINITIONS = (
					"DEBUG=1",
					"$(inherited)",
				);
				GCC_WARN_64_TO_32_BIT_CONVERSION = YES;
				GCC_WARN_ABOUT_RETURN_TYPE = YES_ERROR;
				GCC_WARN_UNDECLARED_SELECTOR = YES;
				GCC_WARN_UNINITIALIZED_AUTOS = YES_AGGRESSIVE;
				GCC_WARN_UNUSED_FUNCTION = YES;
				GCC_WARN_UNUSED_VARIABLE = YES;
				MTL_ENABLE_DEBUG_INFO = INCLUDE_SOURCE;
				MTL_FAST_MATH = YES;
				ONLY_ACTIVE_ARCH = YES;
				SWIFT_ACTIVE_COMPILATION_CONDITIONS = DEBUG;
				SWIFT_OPTIMIZATION_LEVEL = "-Onone";
			};
			name = Debug;
		};
		B8B34BEE2A0A8E500092D763 /* Release */ = {
			isa = XCBuildConfiguration;
			buildSettings = {
				ALWAYS_SEARCH_USER_PATHS = NO;
				CLANG_ANALYZER_NONNULL = YES;
				CLANG_ANALYZER_NUMBER_OBJECT_CONVERSION = YES_AGGRESSIVE;
				CLANG_CXX_LANGUAGE_STANDARD = "gnu++20";
				CLANG_ENABLE_MODULES = YES;
				CLANG_ENABLE_OBJC_ARC = YES;
				CLANG_ENABLE_OBJC_WEAK = YES;
				CLANG_WARN_BLOCK_CAPTURE_AUTORELEASING = YES;
				CLANG_WARN_BOOL_CONVERSION = YES;
				CLANG_WARN_COMMA = YES;
				CLANG_WARN_CONSTANT_CONVERSION = YES;
				CLANG_WARN_DEPRECATED_OBJC_IMPLEMENTATIONS = YES;
				CLANG_WARN_DIRECT_OBJC_ISA_USAGE = YES_ERROR;
				CLANG_WARN_DOCUMENTATION_COMMENTS = YES;
				CLANG_WARN_EMPTY_BODY = YES;
				CLANG_WARN_ENUM_CONVERSION = YES;
				CLANG_WARN_INFINITE_RECURSION = YES;
				CLANG_WARN_INT_CONVERSION = YES;
				CLANG_WARN_NON_LITERAL_NULL_CONVERSION = YES;
				CLANG_WARN_OBJC_IMPLICIT_RETAIN_SELF = YES;
				CLANG_WARN_OBJC_LITERAL_CONVERSION = YES;
				CLANG_WARN_OBJC_ROOT_CLASS = YES_ERROR;
				CLANG_WARN_QUOTED_INCLUDE_IN_FRAMEWORK_HEADER = YES;
				CLANG_WARN_RANGE_LOOP_ANALYSIS = YES;
				CLANG_WARN_STRICT_PROTOTYPES = YES;
				CLANG_WARN_SUSPICIOUS_MOVE = YES;
				CLANG_WARN_UNGUARDED_AVAILABILITY = YES_AGGRESSIVE;
				CLANG_WARN_UNREACHABLE_CODE = YES;
				CLANG_WARN__DUPLICATE_METHOD_MATCH = YES;
				COPY_PHASE_STRIP = NO;
				DEBUG_INFORMATION_FORMAT = "dwarf-with-dsym";
				ENABLE_NS_ASSERTIONS = NO;
				ENABLE_STRICT_OBJC_MSGSEND = YES;
				GCC_C_LANGUAGE_STANDARD = gnu11;
				GCC_NO_COMMON_BLOCKS = YES;
				GCC_WARN_64_TO_32_BIT_CONVERSION = YES;
				GCC_WARN_ABOUT_RETURN_TYPE = YES_ERROR;
				GCC_WARN_UNDECLARED_SELECTOR = YES;
				GCC_WARN_UNINITIALIZED_AUTOS = YES_AGGRESSIVE;
				GCC_WARN_UNUSED_FUNCTION = YES;
				GCC_WARN_UNUSED_VARIABLE = YES;
				MTL_ENABLE_DEBUG_INFO = NO;
				MTL_FAST_MATH = YES;
				SWIFT_COMPILATION_MODE = wholemodule;
				SWIFT_OPTIMIZATION_LEVEL = "-O";
			};
			name = Release;
		};
		B8B34BF02A0A8E500092D763 /* Debug */ = {
			isa = XCBuildConfiguration;
			buildSettings = {
				ASSETCATALOG_COMPILER_APPICON_NAME = AppIcon;
				ASSETCATALOG_COMPILER_GLOBAL_ACCENT_COLOR_NAME = AccentColor;
				CODE_SIGN_ENTITLEMENTS = TwoClientApp/TwoClientApp.entitlements;
				CODE_SIGN_STYLE = Automatic;
				CURRENT_PROJECT_VERSION = 1;
				DEVELOPMENT_ASSET_PATHS = "\"TwoClientApp/Preview Content\"";
				ENABLE_PREVIEWS = YES;
				GENERATE_INFOPLIST_FILE = YES;
				"INFOPLIST_KEY_UIApplicationSceneManifest_Generation[sdk=iphoneos*]" = YES;
				"INFOPLIST_KEY_UIApplicationSceneManifest_Generation[sdk=iphonesimulator*]" = YES;
				"INFOPLIST_KEY_UIApplicationSupportsIndirectInputEvents[sdk=iphoneos*]" = YES;
				"INFOPLIST_KEY_UIApplicationSupportsIndirectInputEvents[sdk=iphonesimulator*]" = YES;
				"INFOPLIST_KEY_UILaunchScreen_Generation[sdk=iphoneos*]" = YES;
				"INFOPLIST_KEY_UILaunchScreen_Generation[sdk=iphonesimulator*]" = YES;
				"INFOPLIST_KEY_UIStatusBarStyle[sdk=iphoneos*]" = UIStatusBarStyleDefault;
				"INFOPLIST_KEY_UIStatusBarStyle[sdk=iphonesimulator*]" = UIStatusBarStyleDefault;
				INFOPLIST_KEY_UISupportedInterfaceOrientations_iPad = "UIInterfaceOrientationPortrait UIInterfaceOrientationPortraitUpsideDown UIInterfaceOrientationLandscapeLeft UIInterfaceOrientationLandscapeRight";
				INFOPLIST_KEY_UISupportedInterfaceOrientations_iPhone = "UIInterfaceOrientationPortrait UIInterfaceOrientationLandscapeLeft UIInterfaceOrientationLandscapeRight";
				IPHONEOS_DEPLOYMENT_TARGET = 16.4;
				LD_RUNPATH_SEARCH_PATHS = "@executable_path/Frameworks";
				"LD_RUNPATH_SEARCH_PATHS[sdk=macosx*]" = "@executable_path/../Frameworks";
				MACOSX_DEPLOYMENT_TARGET = 13.3;
				MARKETING_VERSION = 1.0;
				PRODUCT_BUNDLE_IDENTIFIER = com.example.TwoClientApp;
				PRODUCT_NAME = "$(TARGET_NAME)";
				SDKROOT = auto;
				SUPPORTED_PLATFORMS = "iphoneos iphonesimulator macosx";
				SWIFT_EMIT_LOC_STRINGS = YES;
				SWIFT_VERSION = 5.0;
				TARGETED_DEVICE_FAMILY = "1,2";
			};
			name = Debug;
		};
		B8B34BF12A0A8E500092D763 /* Release */ = {
			isa = XCBuildConfiguration;
			buildSettings = {
				ASSETCATALOG_COMPILER_APPICON_NAME = AppIcon;
				ASSETCATALOG_COMPILER_GLOBAL_ACCENT_COLOR_NAME = AccentColor;
				CODE_SIGN_ENTITLEMENTS = TwoClientApp/TwoClientApp.entitlements;
				CODE_SIGN_STYLE = Automatic;
				CURRENT_PROJECT_VERSION = 1;
				DEVELOPMENT_ASSET_PATHS = "\"TwoClientApp/Preview Content\"";
				ENABLE_PREVIEWS = YES;
				GENERATE_INFOPLIST_FILE = YES;
				"INFOPLIST_KEY_UIApplicationSceneManifest_Generation[sdk=iphoneos*]" = YES;
				"INFOPLIST_KEY_UIApplicationSceneManifest_Generation[sdk=iphonesimulator*]" = YES;
				"INFOPLIST_KEY_UIApplicationSupportsIndirectInputEvents[sdk=iphoneos*]" = YES;
				"INFOPLIST_KEY_UIApplicationSupportsIndirectInputEvents[sdk=iphonesimulator*]" = YES;
				"INFOPLIST_KEY_UILaunchScreen_Generation[sdk=iphoneos*]" = YES;
				"INFOPLIST_KEY_UILaunchScreen_Generation[sdk=iphonesimulator*]" = YES;
				"INFOPLIST_KEY_UIStatusBarStyle[sdk=iphoneos*]" = UIStatusBarStyleDefault;
				"INFOPLIST_KEY_UIStatusBarStyle[sdk=iphonesimulator*]" = UIStatusBarStyleDefault;
				INFOPLIST_KEY_UISupportedInterfaceOrientations_iPad = "UIInterfaceOrientationPortrait UIInterfaceOrientationPortraitUpsideDown UIInterfaceOrientationLandscapeLeft UIInterfaceOrientationLandscapeRight";
				INFOPLIST_KEY_UISupportedInterfaceOrientations_iPhone = "UIInterfaceOrientationPortrait UIInterfaceOrientationLandscapeLeft UIInterfaceOrientationLandscapeRight";
				IPHONEOS_DEPLOYMENT_TARGET = 16.4;
				LD_RUNPATH_SEARCH_PATHS = "@executable_path/Frameworks";
				"LD_RUNPATH_SEARCH_PATHS[sdk=macosx*]" = "@executable_path/../Frameworks";
				MACOSX_DEPLOYMENT_TARGET = 13.3;
				MARKETING_VERSION = 1.0;
				PRODUCT_BUNDLE_IDENTIFIER = com.example.TwoClientApp;
				PRODUCT_NAME = "$(TARGET_NAME)";
				SDKROOT = auto;
				SUPPORTED_PLATFORMS = "iphoneos iphonesimulator macosx";
				SWIFT_EMIT_LOC_STRINGS = YES;
				SWIFT_VERSION = 5.0;
				TARGETED_DEVICE_FAMILY = "1,2";
			};
			name = Release;
		};
/* End XCBuildConfiguration section */

/* Begin XCConfigurationList section */
		B8B34BDB2A0A8E4E0092D763 /* Build configuration list for PBXProject "TwoClientApp" */ = {
			isa = XCConfigurationList;
			buildConfigurations = (
				B8B34BED2A0A8E500092D763 /* Debug */,
				B8B34BEE2A0A8E500092D763 /* Release */,
			);
			defaultConfigurationIsVisible = 0;
			defaultConfigurationName = Release;
		};
		B8B34BEF2A0A8E500092D763 /* Build configuration list for PBXNativeTarget "TwoClientApp" */ = {
			isa = XCConfigurationList;
			buildConfigurations = (
				B8B34BF02A0A8E500092D763 /* Debug */,
				B8B34BF12A0A8E500092D763 /* Release */,
			);
			defaultConfigurationIsVisible = 0;
			defaultConfigurationName = Release;
		};
/* End XCConfigurationList section */

/* Begin XCRemoteSwiftPackageReference section */
		B8B34BFF2A0A90D10092D763 /* XCRemoteSwiftPackageReference "apollo-ios" */ = {
			isa = XCRemoteSwiftPackageReference;
			repositoryURL = "https://github.com/apollographql/apollo-ios.git";
			requirement = {
				kind = upToNextMajorVersion;
				minimumVersion = 1.0.0;
			};
		};
/* End XCRemoteSwiftPackageReference section */

/* Begin XCSwiftPackageProductDependency section */
		B88ED1312A0A99C100C56F24 /* Countries */ = {
			isa = XCSwiftPackageProductDependency;
			productName = Countries;
		};
		B88ED1332A0A99C400C56F24 /* SpaceX */ = {
			isa = XCSwiftPackageProductDependency;
			productName = SpaceX;
		};
		B8B34C002A0A90D10092D763 /* Apollo */ = {
			isa = XCSwiftPackageProductDependency;
			package = B8B34BFF2A0A90D10092D763 /* XCRemoteSwiftPackageReference "apollo-ios" */;
			productName = Apollo;
		};
/* End XCSwiftPackageProductDependency section */
	};
	rootObject = B8B34BD82A0A8E4E0092D763 /* Project object */;
}
